
Microsoft Visual Studio Solution File, Format Version 12.00
# Visual Studio Version 17
VisualStudioVersion = 17.13.35806.99
MinimumVisualStudioVersion = 10.0.40219.1
Project("{FAE04EC0-301F-11D3-BF4B-00C04F79EFBC}") = "01.SumSeconds", "01.SumSeconds\01.SumSeconds.csproj", "{917CA9B4-DCCF-4B2A-A1F6-BF938A486F86}"
EndProject
Project("{FAE04EC0-301F-11D3-BF4B-00C04F79EFBC}") = "02.BonusScore", "02.BonusScore\02.BonusScore.csproj", "{C80245F3-5D2D-48D2-B06E-17F99332C529}"
EndProject
Project("{FAE04EC0-301F-11D3-BF4B-00C04F79EFBC}") = "03.Time+15Minutes", "03.Time+15Minutes\03.Time+15Minutes.csproj", "{76570F71-1A31-44E8-AE9B-CB7BEB1676B0}"
EndProject
Project("{FAE04EC0-301F-11D3-BF4B-00C04F79EFBC}") = "04.ToyShop", "04.ToyShop\04.ToyShop.csproj", "{23130F40-67B2-4068-89AA-347DCFE8F601}"
EndProject
Project("{FAE04EC0-301F-11D3-BF4B-00C04F79EFBC}") = "06.WorldSwimmingRecord", "06.WorldSwimmingRecord\06.WorldSwimmingRecord.csproj", "{5BCDF699-3EC0-441B-8332-D8795A4A5E37}"
EndProject
Project("{FAE04EC0-301F-11D3-BF4B-00C04F79EFBC}") = "07.Shopping", "07.Shopping\07.Shopping.csproj", "{0F07D112-99DF-4082-B8B1-9E82C46AD62C}"
EndProject
Project("{FAE04EC0-301F-11D3-BF4B-00C04F79EFBC}") = "08.LunchBreak", "08.LunchBreak\08.LunchBreak.csproj", "{5FC38488-5BF2-4696-BC68-2DFE66855DAA}"
EndProject
Project("{FAE04EC0-301F-11D3-BF4B-00C04F79EFBC}") = "05.GodzillaVs.Kong", "05.GodzillaVs.Kong\05.GodzillaVs.Kong.csproj", "{43086262-0398-40D7-8584-F1F0CE755A92}"
EndProject
Global
	GlobalSection(SolutionConfigurationPlatforms) = preSolution
		Debug|Any CPU = Debug|Any CPU
		Release|Any CPU = Release|Any CPU
	EndGlobalSection
	GlobalSection(ProjectConfigurationPlatforms) = postSolution
		{917CA9B4-DCCF-4B2A-A1F6-BF938A486F86}.Debug|Any CPU.ActiveCfg = Debug|Any CPU
		{917CA9B4-DCCF-4B2A-A1F6-BF938A486F86}.Debug|Any CPU.Build.0 = Debug|Any CPU
		{917CA9B4-DCCF-4B2A-A1F6-BF938A486F86}.Release|Any CPU.ActiveCfg = Release|Any CPU
		{917CA9B4-DCCF-4B2A-A1F6-BF938A486F86}.Release|Any CPU.Build.0 = Release|Any CPU
		{C80245F3-5D2D-48D2-B06E-17F99332C529}.Debug|Any CPU.ActiveCfg = Debug|Any CPU
		{C80245F3-5D2D-48D2-B06E-17F99332C529}.Debug|Any CPU.Build.0 = Debug|Any CPU
		{C80245F3-5D2D-48D2-B06E-17F99332C529}.Release|Any CPU.ActiveCfg = Release|Any CPU
		{C80245F3-5D2D-48D2-B06E-17F99332C529}.Release|Any CPU.Build.0 = Release|Any CPU
		{76570F71-1A31-44E8-AE9B-CB7BEB1676B0}.Debug|Any CPU.ActiveCfg = Debug|Any CPU
		{76570F71-1A31-44E8-AE9B-CB7BEB1676B0}.Debug|Any CPU.Build.0 = Debug|Any CPU
		{76570F71-1A31-44E8-AE9B-CB7BEB1676B0}.Release|Any CPU.ActiveCfg = Release|Any CPU
		{76570F71-1A31-44E8-AE9B-CB7BEB1676B0}.Release|Any CPU.Build.0 = Release|Any CPU
		{23130F40-67B2-4068-89AA-347DCFE8F601}.Debug|Any CPU.ActiveCfg = Debug|Any CPU
		{23130F40-67B2-4068-89AA-347DCFE8F601}.Debug|Any CPU.Build.0 = Debug|Any CPU
		{23130F40-67B2-4068-89AA-347DCFE8F601}.Release|Any CPU.ActiveCfg = Release|Any CPU
		{23130F40-67B2-4068-89AA-347DCFE8F601}.Release|Any CPU.Build.0 = Release|Any CPU
		{5BCDF699-3EC0-441B-8332-D8795A4A5E37}.Debug|Any CPU.ActiveCfg = Debug|Any CPU
		{5BCDF699-3EC0-441B-8332-D8795A4A5E37}.Debug|Any CPU.Build.0 = Debug|Any CPU
		{5BCDF699-3EC0-441B-8332-D8795A4A5E37}.Release|Any CPU.ActiveCfg = Release|Any CPU
		{5BCDF699-3EC0-441B-8332-D8795A4A5E37}.Release|Any CPU.Build.0 = Release|Any CPU
		{0F07D112-99DF-4082-B8B1-9E82C46AD62C}.Debug|Any CPU.ActiveCfg = Debug|Any CPU
		{0F07D112-99DF-4082-B8B1-9E82C46AD62C}.Debug|Any CPU.Build.0 = Debug|Any CPU
		{0F07D112-99DF-4082-B8B1-9E82C46AD62C}.Release|Any CPU.ActiveCfg = Release|Any CPU
		{0F07D112-99DF-4082-B8B1-9E82C46AD62C}.Release|Any CPU.Build.0 = Release|Any CPU
		{5FC38488-5BF2-4696-BC68-2DFE66855DAA}.Debug|Any CPU.ActiveCfg = Debug|Any CPU
		{5FC38488-5BF2-4696-BC68-2DFE66855DAA}.Debug|Any CPU.Build.0 = Debug|Any CPU
		{5FC38488-5BF2-4696-BC68-2DFE66855DAA}.Release|Any CPU.ActiveCfg = Release|Any CPU
		{5FC38488-5BF2-4696-BC68-2DFE66855DAA}.Release|Any CPU.Build.0 = Release|Any CPU
		{43086262-0398-40D7-8584-F1F0CE755A92}.Debug|Any CPU.ActiveCfg = Debug|Any CPU
		{43086262-0398-40D7-8584-F1F0CE755A92}.Debug|Any CPU.Build.0 = Debug|Any CPU
		{43086262-0398-40D7-8584-F1F0CE755A92}.Release|Any CPU.ActiveCfg = Release|Any CPU
		{43086262-0398-40D7-8584-F1F0CE755A92}.Release|Any CPU.Build.0 = Release|Any CPU
	EndGlobalSection
	GlobalSection(SolutionProperties) = preSolution
		HideSolutionNode = FALSE
	EndGlobalSection
	GlobalSection(ExtensibilityGlobals) = postSolution
		SolutionGuid = {6FA696D0-133E-4CA1-B8EC-50B20F49401B}
	EndGlobalSection
EndGlobal
